Microsoft Visual Studio Solution File, Format Version 11.00
# Visual Studio 2008

Project("{33837B61-5ED2-8A5E-228A-2653F9EF70FA}") = "GPS_Agartha_Version 2016.07.10", "Assembly-CSharp.csproj", "{B403F38B-8D10-8857-F513-56E07C54148C}"
EndProject
Global
	GlobalSection(SolutionConfigurationPlatforms) = preSolution
		Debug|Any CPU = Debug|Any CPU
		Release|Any CPU = Release|Any CPU
	EndGlobalSection
	GlobalSection(ProjectConfigurationPlatforms) = postSolution
		{B403F38B-8D10-8857-F513-56E07C54148C}.Debug|Any CPU.ActiveCfg = Debug|Any CPU
		{B403F38B-8D10-8857-F513-56E07C54148C}.Debug|Any CPU.Build.0 = Debug|Any CPU
		{B403F38B-8D10-8857-F513-56E07C54148C}.Release|Any CPU.ActiveCfg = Release|Any CPU
		{B403F38B-8D10-8857-F513-56E07C54148C}.Release|Any CPU.Build.0 = Release|Any CPU
	EndGlobalSection
	GlobalSection(SolutionProperties) = preSolution
		HideSolutionNode = FALSE
	EndGlobalSection
	GlobalSection(MonoDevelopProperties) = preSolution
		StartupItem = Assembly-CSharp.csproj
	EndGlobalSection
EndGlobal
