Microsoft Visual Studio Solution File, Format Version 11.00
# Visual Studio 2008

Project("{2E6B875E-0E57-70FB-CA48-07A27AFBAD7A}") = "GPS_Agartha_Version 2016.07.10-A", "Assembly-CSharp.csproj", "{1331163E-31A9-B928-EFDA-BB2737FF4299}"
EndProject
Global
	GlobalSection(SolutionConfigurationPlatforms) = preSolution
		Debug|Any CPU = Debug|Any CPU
		Release|Any CPU = Release|Any CPU
	EndGlobalSection
	GlobalSection(ProjectConfigurationPlatforms) = postSolution
		{1331163E-31A9-B928-EFDA-BB2737FF4299}.Debug|Any CPU.ActiveCfg = Debug|Any CPU
		{1331163E-31A9-B928-EFDA-BB2737FF4299}.Debug|Any CPU.Build.0 = Debug|Any CPU
		{1331163E-31A9-B928-EFDA-BB2737FF4299}.Release|Any CPU.ActiveCfg = Release|Any CPU
		{1331163E-31A9-B928-EFDA-BB2737FF4299}.Release|Any CPU.Build.0 = Release|Any CPU
	EndGlobalSection
	GlobalSection(SolutionProperties) = preSolution
		HideSolutionNode = FALSE
	EndGlobalSection
	GlobalSection(MonoDevelopProperties) = preSolution
		StartupItem = Assembly-CSharp.csproj
	EndGlobalSection
EndGlobal
